
Microsoft Visual Studio Solution File, Format Version 12.00
# Visual Studio Version 16
VisualStudioVersion = 16.0.30204.135
MinimumVisualStudioVersion = 10.0.40219.1
Project("{FAE04EC0-301F-11D3-BF4B-00C04F79EFBC}") = "RazorPagesMovie", "RazorPagesMovie.csproj", "{859B3B36-C90D-4D4E-8CCC-0E880FD7F7DC}"
EndProject
Global
	GlobalSection(SolutionConfigurationPlatforms) = preSolution
		Debug|Any CPU = Debug|Any CPU
		Release|Any CPU = Release|Any CPU
	EndGlobalSection
	GlobalSection(ProjectConfigurationPlatforms) = postSolution
		{859B3B36-C90D-4D4E-8CCC-0E880FD7F7DC}.Debug|Any CPU.ActiveCfg = Debug|Any CPU
		{859B3B36-C90D-4D4E-8CCC-0E880FD7F7DC}.Debug|Any CPU.Build.0 = Debug|Any CPU
		{859B3B36-C90D-4D4E-8CCC-0E880FD7F7DC}.Release|Any CPU.ActiveCfg = Release|Any CPU
		{859B3B36-C90D-4D4E-8CCC-0E880FD7F7DC}.Release|Any CPU.Build.0 = Release|Any CPU
	EndGlobalSection
	GlobalSection(SolutionProperties) = preSolution
		HideSolutionNode = FALSE
	EndGlobalSection
	GlobalSection(ExtensibilityGlobals) = postSolution
		SolutionGuid = {6817C9D2-E2ED-4A9B-B3D2-657BD5F8EF07}
	EndGlobalSection
EndGlobal
